// !$*UTF8*$!
{
	archiveVersion = 1;
	classes = {
	};
	objectVersion = 50;
	objects = {

/* Begin PBXBuildFile section */
		832849D52659E16B00D54302 /* SceneDelegate.swift in Sources */ = {isa = PBXBuildFile; fileRef = 832849D42659E16B00D54302 /* SceneDelegate.swift */; };
		832849DC2659E16E00D54302 /* Assets.xcassets in Resources */ = {isa = PBXBuildFile; fileRef = 832849DB2659E16E00D54302 /* Assets.xcassets */; };
		832849DF2659E16E00D54302 /* LaunchScreen.storyboard in Resources */ = {isa = PBXBuildFile; fileRef = 832849DD2659E16E00D54302 /* LaunchScreen.storyboard */; };
		832849EA2659E16E00D54302 /* CustomTabBarTests.swift in Sources */ = {isa = PBXBuildFile; fileRef = 832849E92659E16E00D54302 /* CustomTabBarTests.swift */; };
		832849F52659E16E00D54302 /* CustomTabBarUITests.swift in Sources */ = {isa = PBXBuildFile; fileRef = 832849F42659E16E00D54302 /* CustomTabBarUITests.swift */; };
		83284A072659E64B00D54302 /* TabItem.swift in Sources */ = {isa = PBXBuildFile; fileRef = 83284A062659E64B00D54302 /* TabItem.swift */; };
		83284A0F2659EC6C00D54302 /* TabNavigationView.swift in Sources */ = {isa = PBXBuildFile; fileRef = 83284A0E2659EC6C00D54302 /* TabNavigationView.swift */; };
		83284A142659FC9100D54302 /* MainTabBarController.swift in Sources */ = {isa = PBXBuildFile; fileRef = 83284A132659FC9100D54302 /* MainTabBarController.swift */; };
		83284A1C265A127D00D54302 /* RedViewController.swift in Sources */ = {isa = PBXBuildFile; fileRef = 83284A1B265A127D00D54302 /* RedViewController.swift */; };
		83284A24265A16C800D54302 /* BlueViewController.swift in Sources */ = {isa = PBXBuildFile; fileRef = 83284A23265A16C800D54302 /* BlueViewController.swift */; };
		83284A2C265A16D500D54302 /* GreenViewController.swift in Sources */ = {isa = PBXBuildFile; fileRef = 83284A2B265A16D500D54302 /* GreenViewController.swift */; };
		83284A34265A184800D54302 /* AppDelegate.swift in Sources */ = {isa = PBXBuildFile; fileRef = 83284A33265A184800D54302 /* AppDelegate.swift */; };
/* End PBXBuildFile section */

/* Begin PBXContainerItemProxy section */
		832849E62659E16E00D54302 /* PBXContainerItemProxy */ = {
			isa = PBXContainerItemProxy;
			containerPortal = 832849C72659E16B00D54302 /* Project object */;
			proxyType = 1;
			remoteGlobalIDString = 832849CE2659E16B00D54302;
			remoteInfo = CustomTabBar;
		};
		832849F12659E16E00D54302 /* PBXContainerItemProxy */ = {
			isa = PBXContainerItemProxy;
			containerPortal = 832849C72659E16B00D54302 /* Project object */;
			proxyType = 1;
			remoteGlobalIDString = 832849CE2659E16B00D54302;
			remoteInfo = CustomTabBar;
		};
/* End PBXContainerItemProxy section */

/* Begin PBXFileReference section */
		832849CF2659E16B00D54302 /* CustomTabBar.app */ = {isa = PBXFileReference; explicitFileType = wrapper.application; includeInIndex = 0; path = CustomTabBar.app; sourceTree = BUILT_PRODUCTS_DIR; };
		832849D42659E16B00D54302 /* SceneDelegate.swift */ = {isa = PBXFileReference; lastKnownFileType = sourcecode.swift; path = SceneDelegate.swift; sourceTree = "<group>"; };
		832849DB2659E16E00D54302 /* Assets.xcassets */ = {isa = PBXFileReference; lastKnownFileType = folder.assetcatalog; path = Assets.xcassets; sourceTree = "<group>"; };
		832849DE2659E16E00D54302 /* Base */ = {isa = PBXFileReference; lastKnownFileType = file.storyboard; name = Base; path = Base.lproj/LaunchScreen.storyboard; sourceTree = "<group>"; };
		832849E02659E16E00D54302 /* Info.plist */ = {isa = PBXFileReference; lastKnownFileType = text.plist.xml; path = Info.plist; sourceTree = "<group>"; };
		832849E52659E16E00D54302 /* CustomTabBarTests.xctest */ = {isa = PBXFileReference; explicitFileType = wrapper.cfbundle; includeInIndex = 0; path = CustomTabBarTests.xctest; sourceTree = BUILT_PRODUCTS_DIR; };
		832849E92659E16E00D54302 /* CustomTabBarTests.swift */ = {isa = PBXFileReference; lastKnownFileType = sourcecode.swift; path = CustomTabBarTests.swift; sourceTree = "<group>"; };
		832849EB2659E16E00D54302 /* Info.plist */ = {isa = PBXFileReference; lastKnownFileType = text.plist.xml; path = Info.plist; sourceTree = "<group>"; };
		832849F02659E16E00D54302 /* CustomTabBarUITests.xctest */ = {isa = PBXFileReference; explicitFileType = wrapper.cfbundle; includeInIndex = 0; path = CustomTabBarUITests.xctest; sourceTree = BUILT_PRODUCTS_DIR; };
		832849F42659E16E00D54302 /* CustomTabBarUITests.swift */ = {isa = PBXFileReference; lastKnownFileType = sourcecode.swift; path = CustomTabBarUITests.swift; sourceTree = "<group>"; };
		832849F62659E16E00D54302 /* Info.plist */ = {isa = PBXFileReference; lastKnownFileType = text.plist.xml; path = Info.plist; sourceTree = "<group>"; };
		83284A062659E64B00D54302 /* TabItem.swift */ = {isa = PBXFileReference; lastKnownFileType = sourcecode.swift; path = TabItem.swift; sourceTree = "<group>"; };
		83284A0E2659EC6C00D54302 /* TabNavigationView.swift */ = {isa = PBXFileReference; lastKnownFileType = sourcecode.swift; path = TabNavigationView.swift; sourceTree = "<group>"; };
		83284A132659FC9100D54302 /* MainTabBarController.swift */ = {isa = PBXFileReference; lastKnownFileType = sourcecode.swift; path = MainTabBarController.swift; sourceTree = "<group>"; };
		83284A1B265A127D00D54302 /* RedViewController.swift */ = {isa = PBXFileReference; lastKnownFileType = sourcecode.swift; path = RedViewController.swift; sourceTree = "<group>"; };
		83284A23265A16C800D54302 /* BlueViewController.swift */ = {isa = PBXFileReference; lastKnownFileType = sourcecode.swift; path = BlueViewController.swift; sourceTree = "<group>"; };
		83284A2B265A16D500D54302 /* GreenViewController.swift */ = {isa = PBXFileReference; lastKnownFileType = sourcecode.swift; path = GreenViewController.swift; sourceTree = "<group>"; };
		83284A33265A184800D54302 /* AppDelegate.swift */ = {isa = PBXFileReference; lastKnownFileType = sourcecode.swift; path = AppDelegate.swift; sourceTree = "<group>"; };
/* End PBXFileReference section */

/* Begin PBXFrameworksBuildPhase section */
		832849CC2659E16B00D54302 /* Frameworks */ = {
			isa = PBXFrameworksBuildPhase;
			buildActionMask = 2147483647;
			files = (
			);
			runOnlyForDeploymentPostprocessing = 0;
		};
		832849E22659E16E00D54302 /* Frameworks */ = {
			isa = PBXFrameworksBuildPhase;
			buildActionMask = 2147483647;
			files = (
			);
			runOnlyForDeploymentPostprocessing = 0;
		};
		832849ED2659E16E00D54302 /* Frameworks */ = {
			isa = PBXFrameworksBuildPhase;
			buildActionMask = 2147483647;
			files = (
			);
			runOnlyForDeploymentPostprocessing = 0;
		};
/* End PBXFrameworksBuildPhase section */

/* Begin PBXGroup section */
		832849C62659E16B00D54302 = {
			isa = PBXGroup;
			children = (
				832849D12659E16B00D54302 /* CustomTabBar */,
				832849E82659E16E00D54302 /* CustomTabBarTests */,
				832849F32659E16E00D54302 /* CustomTabBarUITests */,
				832849D02659E16B00D54302 /* Products */,
			);
			sourceTree = "<group>";
		};
		832849D02659E16B00D54302 /* Products */ = {
			isa = PBXGroup;
			children = (
				832849CF2659E16B00D54302 /* CustomTabBar.app */,
				832849E52659E16E00D54302 /* CustomTabBarTests.xctest */,
				832849F02659E16E00D54302 /* CustomTabBarUITests.xctest */,
			);
			name = Products;
			sourceTree = "<group>";
		};
		832849D12659E16B00D54302 /* CustomTabBar */ = {
			isa = PBXGroup;
			children = (
				83284A052659E1A100D54302 /* Shared */,
				832849D42659E16B00D54302 /* SceneDelegate.swift */,
				832849DB2659E16E00D54302 /* Assets.xcassets */,
				832849DD2659E16E00D54302 /* LaunchScreen.storyboard */,
				832849E02659E16E00D54302 /* Info.plist */,
				83284A1B265A127D00D54302 /* RedViewController.swift */,
				83284A23265A16C800D54302 /* BlueViewController.swift */,
				83284A2B265A16D500D54302 /* GreenViewController.swift */,
				83284A33265A184800D54302 /* AppDelegate.swift */,
			);
			path = CustomTabBar;
			sourceTree = "<group>";
		};
		832849E82659E16E00D54302 /* CustomTabBarTests */ = {
			isa = PBXGroup;
			children = (
				832849E92659E16E00D54302 /* CustomTabBarTests.swift */,
				832849EB2659E16E00D54302 /* Info.plist */,
			);
			path = CustomTabBarTests;
			sourceTree = "<group>";
		};
		832849F32659E16E00D54302 /* CustomTabBarUITests */ = {
			isa = PBXGroup;
			children = (
				832849F42659E16E00D54302 /* CustomTabBarUITests.swift */,
				832849F62659E16E00D54302 /* Info.plist */,
			);
			path = CustomTabBarUITests;
			sourceTree = "<group>";
		};
		83284A052659E1A100D54302 /* Shared */ = {
			isa = PBXGroup;
			children = (
				83284A062659E64B00D54302 /* TabItem.swift */,
				83284A0E2659EC6C00D54302 /* TabNavigationView.swift */,
				83284A132659FC9100D54302 /* MainTabBarController.swift */,
			);
			path = Shared;
			sourceTree = "<group>";
		};
/* End PBXGroup section */

/* Begin PBXNativeTarget section */
		832849CE2659E16B00D54302 /* CustomTabBar */ = {
			isa = PBXNativeTarget;
			buildConfigurationList = 832849F92659E16E00D54302 /* Build configuration list for PBXNativeTarget "CustomTabBar" */;
			buildPhases = (
				832849CB2659E16B00D54302 /* Sources */,
				832849CC2659E16B00D54302 /* Frameworks */,
				832849CD2659E16B00D54302 /* Resources */,
			);
			buildRules = (
			);
			dependencies = (
			);
			name = CustomTabBar;
			productName = CustomTabBar;
			productReference = 832849CF2659E16B00D54302 /* CustomTabBar.app */;
			productType = "com.apple.product-type.application";
		};
		832849E42659E16E00D54302 /* CustomTabBarTests */ = {
			isa = PBXNativeTarget;
			buildConfigurationList = 832849FC2659E16E00D54302 /* Build configuration list for PBXNativeTarget "CustomTabBarTests" */;
			buildPhases = (
				832849E12659E16E00D54302 /* Sources */,
				832849E22659E16E00D54302 /* Frameworks */,
				832849E32659E16E00D54302 /* Resources */,
			);
			buildRules = (
			);
			dependencies = (
				832849E72659E16E00D54302 /* PBXTargetDependency */,
			);
			name = CustomTabBarTests;
			productName = CustomTabBarTests;
			productReference = 832849E52659E16E00D54302 /* CustomTabBarTests.xctest */;
			productType = "com.apple.product-type.bundle.unit-test";
		};
		832849EF2659E16E00D54302 /* CustomTabBarUITests */ = {
			isa = PBXNativeTarget;
			buildConfigurationList = 832849FF2659E16E00D54302 /* Build configuration list for PBXNativeTarget "CustomTabBarUITests" */;
			buildPhases = (
				832849EC2659E16E00D54302 /* Sources */,
				832849ED2659E16E00D54302 /* Frameworks */,
				832849EE2659E16E00D54302 /* Resources */,
			);
			buildRules = (
			);
			dependencies = (
				832849F22659E16E00D54302 /* PBXTargetDependency */,
			);
			name = CustomTabBarUITests;
			productName = CustomTabBarUITests;
			productReference = 832849F02659E16E00D54302 /* CustomTabBarUITests.xctest */;
			productType = "com.apple.product-type.bundle.ui-testing";
		};
/* End PBXNativeTarget section */

/* Begin PBXProject section */
		832849C72659E16B00D54302 /* Project object */ = {
			isa = PBXProject;
			attributes = {
				LastSwiftUpdateCheck = 1240;
				LastUpgradeCheck = 1240;
				TargetAttributes = {
					832849CE2659E16B00D54302 = {
						CreatedOnToolsVersion = 12.4;
					};
					832849E42659E16E00D54302 = {
						CreatedOnToolsVersion = 12.4;
						TestTargetID = 832849CE2659E16B00D54302;
					};
					832849EF2659E16E00D54302 = {
						CreatedOnToolsVersion = 12.4;
						TestTargetID = 832849CE2659E16B00D54302;
					};
				};
			};
			buildConfigurationList = 832849CA2659E16B00D54302 /* Build configuration list for PBXProject "CustomTabBar" */;
			compatibilityVersion = "Xcode 9.3";
			developmentRegion = en;
			hasScannedForEncodings = 0;
			knownRegions = (
				en,
				Base,
			);
			mainGroup = 832849C62659E16B00D54302;
			productRefGroup = 832849D02659E16B00D54302 /* Products */;
			projectDirPath = "";
			projectRoot = "";
			targets = (
				832849CE2659E16B00D54302 /* CustomTabBar */,
				832849E42659E16E00D54302 /* CustomTabBarTests */,
				832849EF2659E16E00D54302 /* CustomTabBarUITests */,
			);
		};
/* End PBXProject section */

/* Begin PBXResourcesBuildPhase section */
		832849CD2659E16B00D54302 /* Resources */ = {
			isa = PBXResourcesBuildPhase;
			buildActionMask = 2147483647;
			files = (
				832849DF2659E16E00D54302 /* LaunchScreen.storyboard in Resources */,
				832849DC2659E16E00D54302 /* Assets.xcassets in Resources */,
			);
			runOnlyForDeploymentPostprocessing = 0;
		};
		832849E32659E16E00D54302 /* Resources */ = {
			isa = PBXResourcesBuildPhase;
			buildActionMask = 2147483647;
			files = (
			);
			runOnlyForDeploymentPostprocessing = 0;
		};
		832849EE2659E16E00D54302 /* Resources */ = {
			isa = PBXResourcesBuildPhase;
			buildActionMask = 2147483647;
			files = (
			);
			runOnlyForDeploymentPostprocessing = 0;
		};
/* End PBXResourcesBuildPhase section */

/* Begin PBXSourcesBuildPhase section */
		832849CB2659E16B00D54302 /* Sources */ = {
			isa = PBXSourcesBuildPhase;
			buildActionMask = 2147483647;
			files = (
				83284A1C265A127D00D54302 /* RedViewController.swift in Sources */,
				83284A0F2659EC6C00D54302 /* TabNavigationView.swift in Sources */,
				83284A34265A184800D54302 /* AppDelegate.swift in Sources */,
				83284A142659FC9100D54302 /* MainTabBarController.swift in Sources */,
				83284A2C265A16D500D54302 /* GreenViewController.swift in Sources */,
				83284A072659E64B00D54302 /* TabItem.swift in Sources */,
				832849D52659E16B00D54302 /* SceneDelegate.swift in Sources */,
				83284A24265A16C800D54302 /* BlueViewController.swift in Sources */,
			);
			runOnlyForDeploymentPostprocessing = 0;
		};
		832849E12659E16E00D54302 /* Sources */ = {
			isa = PBXSourcesBuildPhase;
			buildActionMask = 2147483647;
			files = (
				832849EA2659E16E00D54302 /* CustomTabBarTests.swift in Sources */,
			);
			runOnlyForDeploymentPostprocessing = 0;
		};
		832849EC2659E16E00D54302 /* Sources */ = {
			isa = PBXSourcesBuildPhase;
			buildActionMask = 2147483647;
			files = (
				832849F52659E16E00D54302 /* CustomTabBarUITests.swift in Sources */,
			);
			runOnlyForDeploymentPostprocessing = 0;
		};
/* End PBXSourcesBuildPhase section */

/* Begin PBXTargetDependency section */
		832849E72659E16E00D54302 /* PBXTargetDependency */ = {
			isa = PBXTargetDependency;
			target = 832849CE2659E16B00D54302 /* CustomTabBar */;
			targetProxy = 832849E62659E16E00D54302 /* PBXContainerItemProxy */;
		};
		832849F22659E16E00D54302 /* PBXTargetDependency */ = {
			isa = PBXTargetDependency;
			target = 832849CE2659E16B00D54302 /* CustomTabBar */;
			targetProxy = 832849F12659E16E00D54302 /* PBXContainerItemProxy */;
		};
/* End PBXTargetDependency section */

/* Begin PBXVariantGroup section */
		832849DD2659E16E00D54302 /* LaunchScreen.storyboard */ = {
			isa = PBXVariantGroup;
			children = (
				832849DE2659E16E00D54302 /* Base */,
			);
			name = LaunchScreen.storyboard;
			sourceTree = "<group>";
		};
/* End PBXVariantGroup section */

/* Begin XCBuildConfiguration section */
		832849F72659E16E00D54302 /* Debug */ = {
			isa = XCBuildConfiguration;
			buildSettings = {
				ALWAYS_SEARCH_USER_PATHS = NO;
				CLANG_ANALYZER_NONNULL = YES;
				CLANG_ANALYZER_NUMBER_OBJECT_CONVERSION = YES_AGGRESSIVE;
				CLANG_CXX_LANGUAGE_STANDARD = "gnu++14";
				CLANG_CXX_LIBRARY = "libc++";
				CLANG_ENABLE_MODULES = YES;
				CLANG_ENABLE_OBJC_ARC = YES;
				CLANG_ENABLE_OBJC_WEAK = YES;
				CLANG_WARN_BLOCK_CAPTURE_AUTORELEASING = YES;
				CLANG_WARN_BOOL_CONVERSION = YES;
				CLANG_WARN_COMMA = YES;
				CLANG_WARN_CONSTANT_CONVERSION = YES;
				CLANG_WARN_DEPRECATED_OBJC_IMPLEMENTATIONS = YES;
				CLANG_WARN_DIRECT_OBJC_ISA_USAGE = YES_ERROR;
				CLANG_WARN_DOCUMENTATION_COMMENTS = YES;
				CLANG_WARN_EMPTY_BODY = YES;
				CLANG_WARN_ENUM_CONVERSION = YES;
				CLANG_WARN_INFINITE_RECURSION = YES;
				CLANG_WARN_INT_CONVERSION = YES;
				CLANG_WARN_NON_LITERAL_NULL_CONVERSION = YES;
				CLANG_WARN_OBJC_IMPLICIT_RETAIN_SELF = YES;
				CLANG_WARN_OBJC_LITERAL_CONVERSION = YES;
				CLANG_WARN_OBJC_ROOT_CLASS = YES_ERROR;
				CLANG_WARN_QUOTED_INCLUDE_IN_FRAMEWORK_HEADER = YES;
				CLANG_WARN_RANGE_LOOP_ANALYSIS = YES;
				CLANG_WARN_STRICT_PROTOTYPES = YES;
				CLANG_WARN_SUSPICIOUS_MOVE = YES;
				CLANG_WARN_UNGUARDED_AVAILABILITY = YES_AGGRESSIVE;
				CLANG_WARN_UNREACHABLE_CODE = YES;
				CLANG_WARN__DUPLICATE_METHOD_MATCH = YES;
				COPY_PHASE_STRIP = NO;
				DEBUG_INFORMATION_FORMAT = dwarf;
				ENABLE_STRICT_OBJC_MSGSEND = YES;
				ENABLE_TESTABILITY = YES;
				GCC_C_LANGUAGE_STANDARD = gnu11;
				GCC_DYNAMIC_NO_PIC = NO;
				GCC_NO_COMMON_BLOCKS = YES;
				GCC_OPTIMIZATION_LEVEL = 0;
				GCC_PREPROCESSOR_DEFINITIONS = (
					"DEBUG=1",
					"$(inherited)",
				);
				GCC_WARN_64_TO_32_BIT_CONVERSION = YES;
				GCC_WARN_ABOUT_RETURN_TYPE = YES_ERROR;
				GCC_WARN_UNDECLARED_SELECTOR = YES;
				GCC_WARN_UNINITIALIZED_AUTOS = YES_AGGRESSIVE;
				GCC_WARN_UNUSED_FUNCTION = YES;
				GCC_WARN_UNUSED_VARIABLE = YES;
				IPHONEOS_DEPLOYMENT_TARGET = 14.4;
				MTL_ENABLE_DEBUG_INFO = INCLUDE_SOURCE;
				MTL_FAST_MATH = YES;
				ONLY_ACTIVE_ARCH = YES;
				SDKROOT = iphoneos;
				SWIFT_ACTIVE_COMPILATION_CONDITIONS = DEBUG;
				SWIFT_OPTIMIZATION_LEVEL = "-Onone";
			};
			name = Debug;
		};
		832849F82659E16E00D54302 /* Release */ = {
			isa = XCBuildConfiguration;
			buildSettings = {
				ALWAYS_SEARCH_USER_PATHS = NO;
				CLANG_ANALYZER_NONNULL = YES;
				CLANG_ANALYZER_NUMBER_OBJECT_CONVERSION = YES_AGGRESSIVE;
				CLANG_CXX_LANGUAGE_STANDARD = "gnu++14";
				CLANG_CXX_LIBRARY = "libc++";
				CLANG_ENABLE_MODULES = YES;
				CLANG_ENABLE_OBJC_ARC = YES;
				CLANG_ENABLE_OBJC_WEAK = YES;
				CLANG_WARN_BLOCK_CAPTURE_AUTORELEASING = YES;
				CLANG_WARN_BOOL_CONVERSION = YES;
				CLANG_WARN_COMMA = YES;
				CLANG_WARN_CONSTANT_CONVERSION = YES;
				CLANG_WARN_DEPRECATED_OBJC_IMPLEMENTATIONS = YES;
				CLANG_WARN_DIRECT_OBJC_ISA_USAGE = YES_ERROR;
				CLANG_WARN_DOCUMENTATION_COMMENTS = YES;
				CLANG_WARN_EMPTY_BODY = YES;
				CLANG_WARN_ENUM_CONVERSION = YES;
				CLANG_WARN_INFINITE_RECURSION = YES;
				CLANG_WARN_INT_CONVERSION = YES;
				CLANG_WARN_NON_LITERAL_NULL_CONVERSION = YES;
				CLANG_WARN_OBJC_IMPLICIT_RETAIN_SELF = YES;
				CLANG_WARN_OBJC_LITERAL_CONVERSION = YES;
				CLANG_WARN_OBJC_ROOT_CLASS = YES_ERROR;
				CLANG_WARN_QUOTED_INCLUDE_IN_FRAMEWORK_HEADER = YES;
				CLANG_WARN_RANGE_LOOP_ANALYSIS = YES;
				CLANG_WARN_STRICT_PROTOTYPES = YES;
				CLANG_WARN_SUSPICIOUS_MOVE = YES;
				CLANG_WARN_UNGUARDED_AVAILABILITY = YES_AGGRESSIVE;
				CLANG_WARN_UNREACHABLE_CODE = YES;
				CLANG_WARN__DUPLICATE_METHOD_MATCH = YES;
				COPY_PHASE_STRIP = NO;
				DEBUG_INFORMATION_FORMAT = "dwarf-with-dsym";
				ENABLE_NS_ASSERTIONS = NO;
				ENABLE_STRICT_OBJC_MSGSEND = YES;
				GCC_C_LANGUAGE_STANDARD = gnu11;
				GCC_NO_COMMON_BLOCKS = YES;
				GCC_WARN_64_TO_32_BIT_CONVERSION = YES;
				GCC_WARN_ABOUT_RETURN_TYPE = YES_ERROR;
				GCC_WARN_UNDECLARED_SELECTOR = YES;
				GCC_WARN_UNINITIALIZED_AUTOS = YES_AGGRESSIVE;
				GCC_WARN_UNUSED_FUNCTION = YES;
				GCC_WARN_UNUSED_VARIABLE = YES;
				IPHONEOS_DEPLOYMENT_TARGET = 14.4;
				MTL_ENABLE_DEBUG_INFO = NO;
				MTL_FAST_MATH = YES;
				SDKROOT = iphoneos;
				SWIFT_COMPILATION_MODE = wholemodule;
				SWIFT_OPTIMIZATION_LEVEL = "-O";
				VALIDATE_PRODUCT = YES;
			};
			name = Release;
		};
		832849FA2659E16E00D54302 /* Debug */ = {
			isa = XCBuildConfiguration;
			buildSettings = {
				ASSETCATALOG_COMPILER_APPICON_NAME = AppIcon;
				ASSETCATALOG_COMPILER_GLOBAL_ACCENT_COLOR_NAME = AccentColor;
				CODE_SIGN_STYLE = Automatic;
				DEVELOPMENT_TEAM = CGGNPW2AJS;
				INFOPLIST_FILE = CustomTabBar/Info.plist;
				LD_RUNPATH_SEARCH_PATHS = (
					"$(inherited)",
					"@executable_path/Frameworks",
				);
				PRODUCT_BUNDLE_IDENTIFIER = com.kiyo.CustomTabBar;
				PRODUCT_NAME = "$(TARGET_NAME)";
				SWIFT_VERSION = 5.0;
				TARGETED_DEVICE_FAMILY = "1,2";
			};
			name = Debug;
		};
		832849FB2659E16E00D54302 /* Release */ = {
			isa = XCBuildConfiguration;
			buildSettings = {
				ASSETCATALOG_COMPILER_APPICON_NAME = AppIcon;
				ASSETCATALOG_COMPILER_GLOBAL_ACCENT_COLOR_NAME = AccentColor;
				CODE_SIGN_STYLE = Automatic;
				DEVELOPMENT_TEAM = CGGNPW2AJS;
				INFOPLIST_FILE = CustomTabBar/Info.plist;
				LD_RUNPATH_SEARCH_PATHS = (
					"$(inherited)",
					"@executable_path/Frameworks",
				);
				PRODUCT_BUNDLE_IDENTIFIER = com.kiyo.CustomTabBar;
				PRODUCT_NAME = "$(TARGET_NAME)";
				SWIFT_VERSION = 5.0;
				TARGETED_DEVICE_FAMILY = "1,2";
			};
			name = Release;
		};
		832849FD2659E16E00D54302 /* Debug */ = {
			isa = XCBuildConfiguration;
			buildSettings = {
				ALWAYS_EMBED_SWIFT_STANDARD_LIBRARIES = YES;
				BUNDLE_LOADER = "$(TEST_HOST)";
				CODE_SIGN_STYLE = Automatic;
				DEVELOPMENT_TEAM = CGGNPW2AJS;
				INFOPLIST_FILE = CustomTabBarTests/Info.plist;
				IPHONEOS_DEPLOYMENT_TARGET = 14.4;
				LD_RUNPATH_SEARCH_PATHS = (
					"$(inherited)",
					"@executable_path/Frameworks",
					"@loader_path/Frameworks",
				);
				PRODUCT_BUNDLE_IDENTIFIER = com.kiyo.CustomTabBarTests;
				PRODUCT_NAME = "$(TARGET_NAME)";
				SWIFT_VERSION = 5.0;
				TARGETED_DEVICE_FAMILY = "1,2";
				TEST_HOST = "$(BUILT_PRODUCTS_DIR)/CustomTabBar.app/CustomTabBar";
			};
			name = Debug;
		};
		832849FE2659E16E00D54302 /* Release */ = {
			isa = XCBuildConfiguration;
			buildSettings = {
				ALWAYS_EMBED_SWIFT_STANDARD_LIBRARIES = YES;
				BUNDLE_LOADER = "$(TEST_HOST)";
				CODE_SIGN_STYLE = Automatic;
				DEVELOPMENT_TEAM = CGGNPW2AJS;
				INFOPLIST_FILE = CustomTabBarTests/Info.plist;
				IPHONEOS_DEPLOYMENT_TARGET = 14.4;
				LD_RUNPATH_SEARCH_PATHS = (
					"$(inherited)",
					"@executable_path/Frameworks",
					"@loader_path/Frameworks",
				);
				PRODUCT_BUNDLE_IDENTIFIER = com.kiyo.CustomTabBarTests;
				PRODUCT_NAME = "$(TARGET_NAME)";
				SWIFT_VERSION = 5.0;
				TARGETED_DEVICE_FAMILY = "1,2";
				TEST_HOST = "$(BUILT_PRODUCTS_DIR)/CustomTabBar.app/CustomTabBar";
			};
			name = Release;
		};
		83284A002659E16E00D54302 /* Debug */ = {
			isa = XCBuildConfiguration;
			buildSettings = {
				ALWAYS_EMBED_SWIFT_STANDARD_LIBRARIES = YES;
				CODE_SIGN_STYLE = Automatic;
				DEVELOPMENT_TEAM = CGGNPW2AJS;
				INFOPLIST_FILE = CustomTabBarUITests/Info.plist;
				LD_RUNPATH_SEARCH_PATHS = (
					"$(inherited)",
					"@executable_path/Frameworks",
					"@loader_path/Frameworks",
				);
				PRODUCT_BUNDLE_IDENTIFIER = com.kiyo.CustomTabBarUITests;
				PRODUCT_NAME = "$(TARGET_NAME)";
				SWIFT_VERSION = 5.0;
				TARGETED_DEVICE_FAMILY = "1,2";
				TEST_TARGET_NAME = CustomTabBar;
			};
			name = Debug;
		};
		83284A012659E16E00D54302 /* Release */ = {
			isa = XCBuildConfiguration;
			buildSettings = {
				ALWAYS_EMBED_SWIFT_STANDARD_LIBRARIES = YES;
				CODE_SIGN_STYLE = Automatic;
				DEVELOPMENT_TEAM = CGGNPW2AJS;
				INFOPLIST_FILE = CustomTabBarUITests/Info.plist;
				LD_RUNPATH_SEARCH_PATHS = (
					"$(inherited)",
					"@executable_path/Frameworks",
					"@loader_path/Frameworks",
				);
				PRODUCT_BUNDLE_IDENTIFIER = com.kiyo.CustomTabBarUITests;
				PRODUCT_NAME = "$(TARGET_NAME)";
				SWIFT_VERSION = 5.0;
				TARGETED_DEVICE_FAMILY = "1,2";
				TEST_TARGET_NAME = CustomTabBar;
			};
			name = Release;
		};
/* End XCBuildConfiguration section */

/* Begin XCConfigurationList section */
		832849CA2659E16B00D54302 /* Build configuration list for PBXProject "CustomTabBar" */ = {
			isa = XCConfigurationList;
			buildConfigurations = (
				832849F72659E16E00D54302 /* Debug */,
				832849F82659E16E00D54302 /* Release */,
			);
			defaultConfigurationIsVisible = 0;
			defaultConfigurationName = Release;
		};
		832849F92659E16E00D54302 /* Build configuration list for PBXNativeTarget "CustomTabBar" */ = {
			isa = XCConfigurationList;
			buildConfigurations = (
				832849FA2659E16E00D54302 /* Debug */,
				832849FB2659E16E00D54302 /* Release */,
			);
			defaultConfigurationIsVisible = 0;
			defaultConfigurationName = Release;
		};
		832849FC2659E16E00D54302 /* Build configuration list for PBXNativeTarget "CustomTabBarTests" */ = {
			isa = XCConfigurationList;
			buildConfigurations = (
				832849FD2659E16E00D54302 /* Debug */,
				832849FE2659E16E00D54302 /* Release */,
			);
			defaultConfigurationIsVisible = 0;
			defaultConfigurationName = Release;
		};
		832849FF2659E16E00D54302 /* Build configuration list for PBXNativeTarget "CustomTabBarUITests" */ = {
			isa = XCConfigurationList;
			buildConfigurations = (
				83284A002659E16E00D54302 /* Debug */,
				83284A012659E16E00D54302 /* Release */,
			);
			defaultConfigurationIsVisible = 0;
			defaultConfigurationName = Release;
		};
/* End XCConfigurationList section */
	};
	rootObject = 832849C72659E16B00D54302 /* Project object */;
}
